
Microsoft Visual Studio Solution File, Format Version 12.00
# Visual Studio Version 16
VisualStudioVersion = 16.0.31112.23
MinimumVisualStudioVersion = 10.0.40219.1
Project("{FAE04EC0-301F-11D3-BF4B-00C04F79EFBC}") = "MobileShop", "MobileShop\MobileShop.csproj", "{4C0EF90C-8AAA-4085-8C73-8D07ACAB6542}"
EndProject
Global
	GlobalSection(SolutionConfigurationPlatforms) = preSolution
		Debug|Any CPU = Debug|Any CPU
		Release|Any CPU = Release|Any CPU
	EndGlobalSection
	GlobalSection(ProjectConfigurationPlatforms) = postSolution
		{4C0EF90C-8AAA-4085-8C73-8D07ACAB6542}.Debug|Any CPU.ActiveCfg = Debug|Any CPU
		{4C0EF90C-8AAA-4085-8C73-8D07ACAB6542}.Debug|Any CPU.Build.0 = Debug|Any CPU
		{4C0EF90C-8AAA-4085-8C73-8D07ACAB6542}.Release|Any CPU.ActiveCfg = Release|Any CPU
		{4C0EF90C-8AAA-4085-8C73-8D07ACAB6542}.Release|Any CPU.Build.0 = Release|Any CPU
	EndGlobalSection
	GlobalSection(SolutionProperties) = preSolution
		HideSolutionNode = FALSE
	EndGlobalSection
	GlobalSection(ExtensibilityGlobals) = postSolution
		SolutionGuid = {1424C472-4272-4562-8597-4339DA8A7B76}
	EndGlobalSection
EndGlobal
